
Microsoft Visual Studio Solution File, Format Version 12.00
# Visual Studio 14
VisualStudioVersion = 14.0.25420.1
MinimumVisualStudioVersion = 10.0.40219.1
Project("{FAE04EC0-301F-11D3-BF4B-00C04F79EFBC}") = "ForgeModAnalyzer", "ForgeModAnalyzer\ForgeModAnalyzer.csproj", "{C00FCABD-3A5D-4F33-9FDE-A12311656BBB}"
EndProject
Project("{FAE04EC0-301F-11D3-BF4B-00C04F79EFBC}") = "ForgeModAnalyzer.Test", "ForgeModAnalyzer.Test\ForgeModAnalyzer.Test.csproj", "{CE541AA7-A9B1-4389-8538-C73682C66E55}"
EndProject
Global
	GlobalSection(SolutionConfigurationPlatforms) = preSolution
		Debug|Any CPU = Debug|Any CPU
		Release|Any CPU = Release|Any CPU
	EndGlobalSection
	GlobalSection(ProjectConfigurationPlatforms) = postSolution
		{C00FCABD-3A5D-4F33-9FDE-A12311656BBB}.Debug|Any CPU.ActiveCfg = Debug|Any CPU
		{C00FCABD-3A5D-4F33-9FDE-A12311656BBB}.Debug|Any CPU.Build.0 = Debug|Any CPU
		{C00FCABD-3A5D-4F33-9FDE-A12311656BBB}.Release|Any CPU.ActiveCfg = Release|Any CPU
		{C00FCABD-3A5D-4F33-9FDE-A12311656BBB}.Release|Any CPU.Build.0 = Release|Any CPU
		{CE541AA7-A9B1-4389-8538-C73682C66E55}.Debug|Any CPU.ActiveCfg = Debug|Any CPU
		{CE541AA7-A9B1-4389-8538-C73682C66E55}.Debug|Any CPU.Build.0 = Debug|Any CPU
		{CE541AA7-A9B1-4389-8538-C73682C66E55}.Release|Any CPU.ActiveCfg = Release|Any CPU
		{CE541AA7-A9B1-4389-8538-C73682C66E55}.Release|Any CPU.Build.0 = Release|Any CPU
	EndGlobalSection
	GlobalSection(SolutionProperties) = preSolution
		HideSolutionNode = FALSE
	EndGlobalSection
EndGlobal
